# platform: win-64
# env_hash: 501e55c14bf4c8f9d718aa3594e4450736608a43507effabc48fa16a63f8305a
@EXPLICIT
https://conda.anaconda.org/conda-forge/win-64/ca-certificates-2021.5.30-h5b45459_0.tar.bz2#cfb6380d41af681ad323403f02755a15
https://conda.anaconda.org/conda-forge/win-64/vs2015_runtime-14.28.29325-h5e1d092_4.tar.bz2#e89bf06003c46c09ee8628eb76aa9520
https://conda.anaconda.org/conda-forge/win-64/vc-14.2-hb210afc_4.tar.bz2#45ddc2c65ad6c200120db1a682803462
https://conda.anaconda.org/conda-forge/win-64/openssl-1.1.1k-h8ffe710_0.tar.bz2#e94dbe6f21cc34fa9cc3cf26cd42466a
https://conda.anaconda.org/conda-forge/win-64/sqlite-3.35.5-h8ffe710_0.tar.bz2#8713caaaabd90ef2a1b0057fe90625ad
https://conda.anaconda.org/conda-forge/win-64/yaml-0.2.5-he774522_0.tar.bz2#d41c34441d8bbb6d141e691ae7bccf35
https://conda.anaconda.org/conda-forge/win-64/python-3.7.10-h7840368_100_cpython.tar.bz2#d1cd351219ab70e421897281ab05fecd
https://conda.anaconda.org/conda-forge/noarch/alabaster-0.7.12-py_0.tar.bz2#2489a97287f90176ecdc3ca982b4b0a0
https://conda.anaconda.org/conda-forge/noarch/appdirs-1.4.4-pyh9f0ad1d_0.tar.bz2#5f095bc6454094e96f146491fd03633b
https://conda.anaconda.org/conda-forge/noarch/atomicwrites-1.4.0-pyh9f0ad1d_0.tar.bz2#5e36230ffaf3b7bb599424592684ae53
https://conda.anaconda.org/conda-forge/noarch/attrs-21.2.0-pyhd8ed1ab_0.tar.bz2#d2e1c7f388ac403df7079b411c37cc50
https://conda.anaconda.org/conda-forge/noarch/bump2version-1.0.1-pyh9f0ad1d_0.tar.bz2#1b3fd56f54baa99e3c9967caf279f66f
https://conda.anaconda.org/conda-forge/noarch/cachy-0.3.0-py_0.tar.bz2#808c46dc56ae4a796830129aaf1b51ec
https://conda.anaconda.org/conda-forge/noarch/colorama-0.4.4-pyh9f0ad1d_0.tar.bz2#c08b4c1326b880ed44f3ffb04803332f
https://conda.anaconda.org/conda-forge/noarch/crashtest-0.3.0-py_0.tar.bz2#156649e34f14a76113312d5bcab3dd6c
https://conda.anaconda.org/conda-forge/noarch/dataclasses-0.8-pyhc8e2a94_1.tar.bz2#28e0de0ecba81334619a777fdc00febc
https://conda.anaconda.org/conda-forge/noarch/distlib-0.3.2-pyhd8ed1ab_0.tar.bz2#ae8b866c376568b0342ae2c9b68f1e65
https://conda.anaconda.org/conda-forge/noarch/filelock-3.0.12-pyh9f0ad1d_0.tar.bz2#7544ed05bbbe9bb687bc9bcbe4d6cb46
https://conda.anaconda.org/conda-forge/noarch/idna-2.10-pyh9f0ad1d_0.tar.bz2#f95a12b4f435aae6680fe55ae2eb1b06
https://conda.anaconda.org/conda-forge/noarch/imagesize-1.2.0-py_0.tar.bz2#5879bd2c4b399a5072468e5fe587bf1b
https://conda.anaconda.org/conda-forge/noarch/lockfile-0.12.2-py_1.tar.bz2#c104d98e09c47519950cffb8dd5b4f10
https://conda.anaconda.org/conda-forge/noarch/more-itertools-8.8.0-pyhd8ed1ab_0.tar.bz2#af8d3837f18d331839368bcb9f8cd3d9
https://conda.anaconda.org/conda-forge/noarch/pastel-0.2.0-py_0.tar.bz2#3872ffc75ab52f883e0ffa8fcf1679d8
https://conda.anaconda.org/conda-forge/noarch/pathspec-0.8.1-pyhd3deb0d_0.tar.bz2#fcd2fbb062b55d14a77e664c89ee17a6
https://conda.anaconda.org/conda-forge/noarch/pkginfo-1.7.0-pyhd8ed1ab_0.tar.bz2#3ea3fca4afad20d8ec2f5b611bffde53
https://conda.anaconda.org/conda-forge/noarch/ptyprocess-0.7.0-pyhd3deb0d_0.tar.bz2#359eeb6536da0e687af562ed265ec263
https://conda.anaconda.org/conda-forge/noarch/py-1.10.0-pyhd3deb0d_0.tar.bz2#88ca1328ecc79a070214aa24911bace8
https://conda.anaconda.org/conda-forge/noarch/pycparser-2.20-pyh9f0ad1d_2.tar.bz2#aa798d50ffd182a0f6f31478c7f434f6
https://conda.anaconda.org/conda-forge/noarch/pylev-1.3.0-py_0.tar.bz2#6a37fb29c60572f765366f327006ce49
https://conda.anaconda.org/conda-forge/noarch/pyparsing-2.4.7-pyh9f0ad1d_0.tar.bz2#626c4f20d5bf06dcec9cf2eaa31725c7
https://conda.anaconda.org/conda-forge/win-64/python_abi-3.7-1_cp37m.tar.bz2#bb3afff19e4ba0165a5f645aa8704717
https://conda.anaconda.org/conda-forge/noarch/pytz-2021.1-pyhd8ed1ab_0.tar.bz2#3af2e9424d5eb0063824a3f9b850d411
https://conda.anaconda.org/conda-forge/noarch/shellingham-1.4.0-pyh44b312d_0.tar.bz2#437655338696f9d0dfdb0a024e66b255
https://conda.anaconda.org/conda-forge/noarch/six-1.16.0-pyh6c4a22f_0.tar.bz2#e5f25f8dbc060e9a8d912e432202afc2
https://conda.anaconda.org/conda-forge/noarch/snowballstemmer-2.1.0-pyhd8ed1ab_0.tar.bz2#f1d64c0cf0eedf655a96ccdc1573c05a
https://conda.anaconda.org/conda-forge/noarch/soupsieve-2.0.1-py_1.tar.bz2#aa1db70848c19bace567ba39a157f508
https://conda.anaconda.org/conda-forge/noarch/sphinxcontrib-applehelp-1.0.2-py_0.tar.bz2#20b2eaeaeea4ef9a9a0d99770620fd09
https://conda.anaconda.org/conda-forge/noarch/sphinxcontrib-devhelp-1.0.2-py_0.tar.bz2#68e01cac9d38d0e717cd5c87bc3d2cc9
https://conda.anaconda.org/conda-forge/noarch/sphinxcontrib-htmlhelp-2.0.0-pyhd8ed1ab_0.tar.bz2#77dad82eb9c8c1525ff7953e0756d708
https://conda.anaconda.org/conda-forge/noarch/sphinxcontrib-jsmath-1.0.1-py_0.tar.bz2#67cd9d9c0382d37479b4d306c369a2d4
https://conda.anaconda.org/conda-forge/noarch/sphinxcontrib-qthelp-1.0.3-py_0.tar.bz2#d01180388e6d1838c3e1ad029590aa7a
https://conda.anaconda.org/conda-forge/noarch/sphinxcontrib-serializinghtml-1.1.5-pyhd8ed1ab_0.tar.bz2#60e630285f44af05767dcb7f473ee03f
https://conda.anaconda.org/conda-forge/noarch/toml-0.10.2-pyhd8ed1ab_0.tar.bz2#f832c45a477c78bebd107098db465095
https://conda.anaconda.org/conda-forge/noarch/typing_extensions-3.7.4.3-py_0.tar.bz2#12b96e382730541a4b332420227055ae
https://conda.anaconda.org/conda-forge/noarch/webencodings-0.5.1-py_1.tar.bz2#3563be4c5611a44210d9ba0c16113136
https://conda.anaconda.org/conda-forge/noarch/zipp-3.4.1-pyhd8ed1ab_0.tar.bz2#a4fa30eb74a326092b3d8078b1f1aae1
https://conda.anaconda.org/conda-forge/noarch/babel-2.9.1-pyh44b312d_0.tar.bz2#74136ed39bfea0832d338df1e58d013e
https://conda.anaconda.org/conda-forge/noarch/beautifulsoup4-4.9.3-pyhb0f4dca_0.tar.bz2#d243a293d7303ab6195d96ce8c16b1cb
https://conda.anaconda.org/conda-forge/win-64/certifi-2021.5.30-py37h03978a9_0.tar.bz2#0a941e706fa8730e3e28c36e6e584685
https://conda.anaconda.org/conda-forge/win-64/cffi-1.14.5-py37hd8e9650_0.tar.bz2#5686156c1bcc7039cb3e41438380d0d5
https://conda.anaconda.org/conda-forge/win-64/chardet-4.0.0-py37h03978a9_1.tar.bz2#566dbd28c78bb886e678e61893d249ba
https://conda.anaconda.org/conda-forge/noarch/clikit-0.6.2-pyh9f0ad1d_0.tar.bz2#159273f717a11e53b2656f8b6521a5e2
https://conda.anaconda.org/conda-forge/win-64/coverage-5.5-py37hcc03f2d_0.tar.bz2#344d780ae5f04a25ff4b80e1fc140818
https://conda.anaconda.org/conda-forge/win-64/docutils-0.16-py37h03978a9_3.tar.bz2#c6d007a3f29cac464e0e97dc296f7392
https://conda.anaconda.org/conda-forge/noarch/html5lib-1.1-pyh9f0ad1d_0.tar.bz2#b2355343d6315c892543200231d7154a
https://conda.anaconda.org/conda-forge/noarch/importlib-metadata-1.7.0-pyhd8ed1ab_1.tar.bz2#19187069400a0f15d43de319fd56c6f0
https://conda.anaconda.org/conda-forge/noarch/markdown-it-py-1.1.0-pyhd8ed1ab_0.tar.bz2#84e8dfb1a9e6a824f32fd45b867271ca
https://conda.anaconda.org/conda-forge/win-64/markupsafe-2.0.1-py37hcc03f2d_0.tar.bz2#3f8ca076229f1dc8e410746bd63ba172
https://conda.anaconda.org/conda-forge/win-64/msgpack-python-1.0.2-py37h8c56517_1.tar.bz2#437e7429ca93b4e03608484b4cc3f6b6
https://conda.anaconda.org/conda-forge/win-64/mypy_extensions-0.4.3-py37h03978a9_3.tar.bz2#95b17307b05ac9eb21a8a5fa6bc393d7
https://conda.anaconda.org/conda-forge/noarch/packaging-20.9-pyh44b312d_0.tar.bz2#be69a38e912054a62dc82cc3c7711a64
https://conda.anaconda.org/conda-forge/noarch/pexpect-4.8.0-pyh9f0ad1d_2.tar.bz2#5909e7b978141dd80d28dbf9de627827
https://conda.anaconda.org/conda-forge/win-64/pyrsistent-0.14.11-py37hcc03f2d_2.tar.bz2#14140551f993c8e30cfd956b12d4ab72
https://conda.anaconda.org/conda-forge/win-64/pywin32-ctypes-0.2.0-py37h03978a9_1003.tar.bz2#4758d54e5273842a5eb66e30e9f80f0f
https://conda.anaconda.org/conda-forge/win-64/pyyaml-5.4.1-py37hcc03f2d_0.tar.bz2#e9ee64dc3e9e47410f46fda92664cfc6
https://conda.anaconda.org/conda-forge/win-64/regex-2021.4.4-py37hcc03f2d_0.tar.bz2#217e5b2556df9e58f2644f07e3b095c8
https://conda.anaconda.org/conda-forge/win-64/tomlkit-0.7.2-py37h03978a9_0.tar.bz2#e1be562bc443d25a210585adb1a1bef7
https://conda.anaconda.org/conda-forge/win-64/typed-ast-1.4.3-py37hcc03f2d_0.tar.bz2#6cd20a23f8a8aa15b39b0ea868d5b4e7
https://conda.anaconda.org/conda-forge/win-64/win_inet_pton-1.1.0-py37h03978a9_2.tar.bz2#3be8e856f5b7726960041ff2fbeee4dd
https://conda.anaconda.org/conda-forge/win-64/wincertstore-0.2-py37h03978a9_1006.tar.bz2#d05992e21bc7622dd0dce0b087452250
https://conda.anaconda.org/conda-forge/win-64/brotlipy-0.7.0-py37hcc03f2d_1001.tar.bz2#5ae82a09056fc8eebd74222f3851c544
https://conda.anaconda.org/conda-forge/noarch/cleo-0.8.1-pyh9f0ad1d_1.tar.bz2#c9318a39f6f0b5ea562ea26bd16c6c35
https://conda.anaconda.org/conda-forge/win-64/click-8.0.1-py37h03978a9_0.tar.bz2#8048d55b1f205f8e0680646b92690662
https://conda.anaconda.org/conda-forge/win-64/cryptography-3.4.7-py37h20c650d_0.tar.bz2#9e4498c6cd84334d6f3e0332e4f991c2
https://conda.anaconda.org/conda-forge/noarch/importlib_metadata-1.7.0-hd8ed1ab_1.tar.bz2#8f68ed6ab2dbae9dd1558b71ec62201d
https://conda.anaconda.org/conda-forge/noarch/jinja2-3.0.1-pyhd8ed1ab_0.tar.bz2#c647e77921fd3e245cdcc5b2d451a0f8
https://conda.anaconda.org/conda-forge/win-64/keyring-21.2.1-py37h03978a9_0.tar.bz2#b597ceff8d96a9ddb351f9df3b002cb2
https://conda.anaconda.org/conda-forge/noarch/mdit-py-plugins-0.2.8-pyhd8ed1ab_0.tar.bz2#49236fcd746a124eb56d326f79e1d46d
https://conda.anaconda.org/conda-forge/win-64/pysocks-1.7.1-py37h03978a9_3.tar.bz2#57ff67171877b6aa4575b3e9a183b92a
https://conda.anaconda.org/conda-forge/win-64/setuptools-49.6.0-py37h03978a9_3.tar.bz2#1b72c1d232d3bb820f9c129448a5f7ae
https://conda.anaconda.org/conda-forge/win-64/virtualenv-20.4.7-py37h03978a9_0.tar.bz2#1376d638b5794ebffcb155ed97b717eb
https://conda.anaconda.org/conda-forge/noarch/black-21.5b2-pyhd8ed1ab_0.tar.bz2#919be0b3435cbe8e803c6bd738231f69
https://conda.anaconda.org/conda-forge/noarch/click-default-group-1.2.2-pyhd8ed1ab_1.tar.bz2#72a46ffc25701c173932fd55cf0965d3
https://conda.anaconda.org/conda-forge/noarch/isort-5.8.0-pyhd8ed1ab_0.tar.bz2#c7535f0f6618cba5a5f1070c0edf8e2b
https://conda.anaconda.org/conda-forge/noarch/jsonschema-3.2.0-pyhd8ed1ab_3.tar.bz2#66125e28711d8ffc04a207a2b170316d
https://conda.anaconda.org/conda-forge/win-64/pluggy-0.13.1-py37h03978a9_4.tar.bz2#5f4cfa7e8c6b5cb40cf71cb1730e62d4
https://conda.anaconda.org/conda-forge/noarch/poetry-core-1.0.3-pyhd8ed1ab_0.tar.bz2#d3bc038d1c1297c52ffc6bd9e1bfd0e0
https://conda.anaconda.org/conda-forge/noarch/pygments-2.9.0-pyhd8ed1ab_0.tar.bz2#a2d9bba43c9b80a42b0ccb9afd7223c2
https://conda.anaconda.org/conda-forge/noarch/pyopenssl-20.0.1-pyhd8ed1ab_0.tar.bz2#92371c25994d0f5d28a01c1fb75ebf86
https://conda.anaconda.org/conda-forge/win-64/pytest-3.10.1-py37_1000.tar.bz2#43ea9e02467b8528026fc2327a356deb
https://conda.anaconda.org/conda-forge/noarch/urllib3-1.26.5-pyhd8ed1ab_0.tar.bz2#36f0ca66d6dd09423e5c2551148d45cd
https://conda.anaconda.org/conda-forge/noarch/pytest-cov-2.9.0-pyh9f0ad1d_0.tar.bz2#d88a8c752cb7f3e65b123450f2372ff5
https://conda.anaconda.org/conda-forge/noarch/requests-2.25.1-pyhd3deb0d_0.tar.bz2#ae687aba31a1c400192a86a2e993ffdc
https://conda.anaconda.org/conda-forge/noarch/cachecontrol-0.12.6-py_0.tar.bz2#f847758d76d4d532caedadcd2180cab6
https://conda.anaconda.org/conda-forge/noarch/ensureconda-1.4.1-pyhd8ed1ab_0.tar.bz2#52a7f7cc9076e2c8a25e15e19ad42821
https://conda.anaconda.org/conda-forge/noarch/requests-toolbelt-0.9.1-py_0.tar.bz2#402668adee8fcba9a9c265cdc2a88f5a
https://conda.anaconda.org/conda-forge/noarch/sphinx-3.5.4-pyh44b312d_0.tar.bz2#0ebc444f001f73c4f6de01057b0be392
https://conda.anaconda.org/conda-forge/noarch/conda-lock-0.9.1-pyhd8ed1ab_0.tar.bz2#c918c8071db1665663a46371b0a46620
https://conda.anaconda.org/conda-forge/noarch/myst-parser-0.14.0-pyhd8ed1ab_0.tar.bz2#a3c98a24fd865ebdae41a143c1e1c155
https://conda.anaconda.org/conda-forge/win-64/poetry-1.1.6-py37h03978a9_0.tar.bz2#4ef35efa3b9a3b2621ff36e18f107fd9
https://conda.anaconda.org/conda-forge/noarch/sphinx-autodoc-typehints-1.12.0-pyhd8ed1ab_0.tar.bz2#2c5fe910a7f04e1fcd2cab84628e4a32
https://conda.anaconda.org/conda-forge/noarch/sphinx-copybutton-0.3.1-pyhd8ed1ab_0.tar.bz2#decad13214a2a545944560eccf4a9815
https://conda.anaconda.org/conda-forge/noarch/sphinx-inline-tabs-2021.4.11b9-pyhd8ed1ab_0.tar.bz2#fc44082b2f3283e16cfe5aacd1621b9e
https://conda.anaconda.org/conda-forge/noarch/furo-2021.4.11b34-pyhd8ed1ab_0.tar.bz2#c56b479d5557c52297d9c566d0d73456
